
Microsoft Visual Studio Solution File, Format Version 12.00
# Visual Studio 15
VisualStudioVersion = 15.0.28307.1082
MinimumVisualStudioVersion = 10.0.40219.1
Project("{FAE04EC0-301F-11D3-BF4B-00C04F79EFBC}") = "snakes-and-ladders-no-classes", "snakes-and-ladders-no-classes\snakes-and-ladders-no-classes.csproj", "{17D845CD-DC95-49EE-8ED2-4D54B3A101EE}"
EndProject
Global
	GlobalSection(SolutionConfigurationPlatforms) = preSolution
		Debug|Any CPU = Debug|Any CPU
		Release|Any CPU = Release|Any CPU
	EndGlobalSection
	GlobalSection(ProjectConfigurationPlatforms) = postSolution
		{17D845CD-DC95-49EE-8ED2-4D54B3A101EE}.Debug|Any CPU.ActiveCfg = Debug|Any CPU
		{17D845CD-DC95-49EE-8ED2-4D54B3A101EE}.Debug|Any CPU.Build.0 = Debug|Any CPU
		{17D845CD-DC95-49EE-8ED2-4D54B3A101EE}.Release|Any CPU.ActiveCfg = Release|Any CPU
		{17D845CD-DC95-49EE-8ED2-4D54B3A101EE}.Release|Any CPU.Build.0 = Release|Any CPU
	EndGlobalSection
	GlobalSection(SolutionProperties) = preSolution
		HideSolutionNode = FALSE
	EndGlobalSection
	GlobalSection(ExtensibilityGlobals) = postSolution
		SolutionGuid = {2158A41B-4BB4-4B66-A43B-F08C38AD8A54}
	EndGlobalSection
EndGlobal
